
Microsoft Visual Studio Solution File, Format Version 12.00
# Visual Studio Version 16
VisualStudioVersion = 16.0.30517.126
MinimumVisualStudioVersion = 10.0.40219.1
Project("{FAE04EC0-301F-11D3-BF4B-00C04F79EFBC}") = "Project", "Project\Project.csproj", "{A21B15C5-D1A9-4FBD-938B-23BC1512FBDC}"
EndProject
Global
	GlobalSection(SolutionConfigurationPlatforms) = preSolution
		Debug|Any CPU = Debug|Any CPU
		Release|Any CPU = Release|Any CPU
	EndGlobalSection
	GlobalSection(ProjectConfigurationPlatforms) = postSolution
		{A21B15C5-D1A9-4FBD-938B-23BC1512FBDC}.Debug|Any CPU.ActiveCfg = Debug|Any CPU
		{A21B15C5-D1A9-4FBD-938B-23BC1512FBDC}.Debug|Any CPU.Build.0 = Debug|Any CPU
		{A21B15C5-D1A9-4FBD-938B-23BC1512FBDC}.Release|Any CPU.ActiveCfg = Release|Any CPU
		{A21B15C5-D1A9-4FBD-938B-23BC1512FBDC}.Release|Any CPU.Build.0 = Release|Any CPU
	EndGlobalSection
	GlobalSection(SolutionProperties) = preSolution
		HideSolutionNode = FALSE
	EndGlobalSection
	GlobalSection(ExtensibilityGlobals) = postSolution
		SolutionGuid = {486554B9-8336-4C56-8F5B-23DF9CEB1B74}
	EndGlobalSection
EndGlobal
